
Microsoft Visual Studio Solution File, Format Version 12.00
# Visual Studio Version 16
VisualStudioVersion = 16.0.31005.135
MinimumVisualStudioVersion = 10.0.40219.1
Project("{9A19103F-16F7-4668-BE54-9A1E7A4F7556}") = "TesteCSharp", "TesteCSharp.csproj", "{B04E2C51-DCEF-4869-B180-43FAD3D1DD0B}"
EndProject
Global
	GlobalSection(SolutionConfigurationPlatforms) = preSolution
		Debug|Any CPU = Debug|Any CPU
		Release|Any CPU = Release|Any CPU
	EndGlobalSection
	GlobalSection(ProjectConfigurationPlatforms) = postSolution
		{B04E2C51-DCEF-4869-B180-43FAD3D1DD0B}.Debug|Any CPU.ActiveCfg = Debug|Any CPU
		{B04E2C51-DCEF-4869-B180-43FAD3D1DD0B}.Debug|Any CPU.Build.0 = Debug|Any CPU
		{B04E2C51-DCEF-4869-B180-43FAD3D1DD0B}.Release|Any CPU.ActiveCfg = Release|Any CPU
		{B04E2C51-DCEF-4869-B180-43FAD3D1DD0B}.Release|Any CPU.Build.0 = Release|Any CPU
	EndGlobalSection
	GlobalSection(SolutionProperties) = preSolution
		HideSolutionNode = FALSE
	EndGlobalSection
	GlobalSection(ExtensibilityGlobals) = postSolution
		SolutionGuid = {27877815-A3B5-4FB9-BEC6-EE4AB4E7B5F8}
	EndGlobalSection
EndGlobal
